
Microsoft Visual Studio Solution File, Format Version 12.00
# Visual Studio 15
VisualStudioVersion = 15.0.27130.2036
MinimumVisualStudioVersion = 10.0.40219.1
Project("{FAE04EC0-301F-11D3-BF4B-00C04F79EFBC}") = "340_Framework", "340_Framework\340_Framework.csproj", "{1BB1CC08-92E3-4BC0-B1BB-E5992D36D140}"
EndProject
Global
	GlobalSection(SolutionConfigurationPlatforms) = preSolution
		Debug|Any CPU = Debug|Any CPU
		Release|Any CPU = Release|Any CPU
	EndGlobalSection
	GlobalSection(ProjectConfigurationPlatforms) = postSolution
		{1BB1CC08-92E3-4BC0-B1BB-E5992D36D140}.Debug|Any CPU.ActiveCfg = Debug|Any CPU
		{1BB1CC08-92E3-4BC0-B1BB-E5992D36D140}.Debug|Any CPU.Build.0 = Debug|Any CPU
		{1BB1CC08-92E3-4BC0-B1BB-E5992D36D140}.Release|Any CPU.ActiveCfg = Release|Any CPU
		{1BB1CC08-92E3-4BC0-B1BB-E5992D36D140}.Release|Any CPU.Build.0 = Release|Any CPU
	EndGlobalSection
	GlobalSection(SolutionProperties) = preSolution
		HideSolutionNode = FALSE
	EndGlobalSection
	GlobalSection(ExtensibilityGlobals) = postSolution
		SolutionGuid = {830904B7-725A-4769-9BAA-2DC9099EBA99}
	EndGlobalSection
EndGlobal
