
Microsoft Visual Studio Solution File, Format Version 12.00
# Visual Studio 15
VisualStudioVersion = 15.0.27130.2036
MinimumVisualStudioVersion = 10.0.40219.1
Project("{00D1A9C2-B5F0-4AF3-8072-F6C62B433612}") = "Database1", "Database1\Database1.sqlproj", "{F371B667-ABBC-481D-838E-C3B97F532C68}"
EndProject
Global
	GlobalSection(SolutionConfigurationPlatforms) = preSolution
		Debug|Any CPU = Debug|Any CPU
		Release|Any CPU = Release|Any CPU
	EndGlobalSection
	GlobalSection(ProjectConfigurationPlatforms) = postSolution
		{F371B667-ABBC-481D-838E-C3B97F532C68}.Debug|Any CPU.ActiveCfg = Debug|Any CPU
		{F371B667-ABBC-481D-838E-C3B97F532C68}.Debug|Any CPU.Build.0 = Debug|Any CPU
		{F371B667-ABBC-481D-838E-C3B97F532C68}.Debug|Any CPU.Deploy.0 = Debug|Any CPU
		{F371B667-ABBC-481D-838E-C3B97F532C68}.Release|Any CPU.ActiveCfg = Release|Any CPU
		{F371B667-ABBC-481D-838E-C3B97F532C68}.Release|Any CPU.Build.0 = Release|Any CPU
		{F371B667-ABBC-481D-838E-C3B97F532C68}.Release|Any CPU.Deploy.0 = Release|Any CPU
	EndGlobalSection
	GlobalSection(SolutionProperties) = preSolution
		HideSolutionNode = FALSE
	EndGlobalSection
	GlobalSection(ExtensibilityGlobals) = postSolution
		SolutionGuid = {48DFB6DA-F1D5-462C-9376-6435C2BA2669}
	EndGlobalSection
EndGlobal
